
Microsoft Visual Studio Solution File, Format Version 12.00
# Visual Studio Version 17
VisualStudioVersion = 17.14.36511.14 d17.14
MinimumVisualStudioVersion = 10.0.40219.1
Project("{FAE04EC0-301F-11D3-BF4B-00C04F79EFBC}") = "Company.G02.PL", "Company.G02.PL\Company.G02.PL.csproj", "{C73242AA-7046-458E-98CA-61F111ED1485}"
EndProject
Project("{FAE04EC0-301F-11D3-BF4B-00C04F79EFBC}") = "Company.G02.DAL", "Company.G02.DAL\Company.G02.DAL.csproj", "{9FD55D7E-098C-41BF-9DDD-C838EF15A658}"
EndProject
Project("{FAE04EC0-301F-11D3-BF4B-00C04F79EFBC}") = "Company.G02.BLL", "Company.G02.BLL\Company.G02.BLL.csproj", "{28235EB8-7915-4427-9864-F632BA99C264}"
EndProject
Global
	GlobalSection(SolutionConfigurationPlatforms) = preSolution
		Debug|Any CPU = Debug|Any CPU
		Release|Any CPU = Release|Any CPU
	EndGlobalSection
	GlobalSection(ProjectConfigurationPlatforms) = postSolution
		{C73242AA-7046-458E-98CA-61F111ED1485}.Debug|Any CPU.ActiveCfg = Debug|Any CPU
		{C73242AA-7046-458E-98CA-61F111ED1485}.Debug|Any CPU.Build.0 = Debug|Any CPU
		{C73242AA-7046-458E-98CA-61F111ED1485}.Release|Any CPU.ActiveCfg = Release|Any CPU
		{C73242AA-7046-458E-98CA-61F111ED1485}.Release|Any CPU.Build.0 = Release|Any CPU
		{9FD55D7E-098C-41BF-9DDD-C838EF15A658}.Debug|Any CPU.ActiveCfg = Debug|Any CPU
		{9FD55D7E-098C-41BF-9DDD-C838EF15A658}.Debug|Any CPU.Build.0 = Debug|Any CPU
		{9FD55D7E-098C-41BF-9DDD-C838EF15A658}.Release|Any CPU.ActiveCfg = Release|Any CPU
		{9FD55D7E-098C-41BF-9DDD-C838EF15A658}.Release|Any CPU.Build.0 = Release|Any CPU
		{28235EB8-7915-4427-9864-F632BA99C264}.Debug|Any CPU.ActiveCfg = Debug|Any CPU
		{28235EB8-7915-4427-9864-F632BA99C264}.Debug|Any CPU.Build.0 = Debug|Any CPU
		{28235EB8-7915-4427-9864-F632BA99C264}.Release|Any CPU.ActiveCfg = Release|Any CPU
		{28235EB8-7915-4427-9864-F632BA99C264}.Release|Any CPU.Build.0 = Release|Any CPU
	EndGlobalSection
	GlobalSection(SolutionProperties) = preSolution
		HideSolutionNode = FALSE
	EndGlobalSection
	GlobalSection(ExtensibilityGlobals) = postSolution
		SolutionGuid = {BEB88968-658A-476C-A009-1F580EF84D7A}
	EndGlobalSection
EndGlobal
